
Microsoft Visual Studio Solution File, Format Version 12.00
# Visual Studio Version 16
VisualStudioVersion = 16.0.30517.126
MinimumVisualStudioVersion = 10.0.40219.1
Project("{FAE04EC0-301F-11D3-BF4B-00C04F79EFBC}") = "OOP-CAT", "OOP-CAT\OOP-CAT.csproj", "{0CC5FDE1-3871-4E2B-9B4B-22D0EED45153}"
EndProject
Global
	GlobalSection(SolutionConfigurationPlatforms) = preSolution
		Debug|Any CPU = Debug|Any CPU
		Release|Any CPU = Release|Any CPU
	EndGlobalSection
	GlobalSection(ProjectConfigurationPlatforms) = postSolution
		{0CC5FDE1-3871-4E2B-9B4B-22D0EED45153}.Debug|Any CPU.ActiveCfg = Debug|Any CPU
		{0CC5FDE1-3871-4E2B-9B4B-22D0EED45153}.Debug|Any CPU.Build.0 = Debug|Any CPU
		{0CC5FDE1-3871-4E2B-9B4B-22D0EED45153}.Release|Any CPU.ActiveCfg = Release|Any CPU
		{0CC5FDE1-3871-4E2B-9B4B-22D0EED45153}.Release|Any CPU.Build.0 = Release|Any CPU
	EndGlobalSection
	GlobalSection(SolutionProperties) = preSolution
		HideSolutionNode = FALSE
	EndGlobalSection
	GlobalSection(ExtensibilityGlobals) = postSolution
		SolutionGuid = {FA097D9E-6554-4660-A825-DC242190DDE5}
	EndGlobalSection
EndGlobal
